
Microsoft Visual Studio Solution File, Format Version 12.00
# Visual Studio Version 16
VisualStudioVersion = 16.0.30204.135
MinimumVisualStudioVersion = 10.0.40219.1
Project("{FAE04EC0-301F-11D3-BF4B-00C04F79EFBC}") = "ExceptionExamples", "ExceptionExamples\ExceptionExamples.csproj", "{3B22CE5A-4E14-4BFE-8565-5E6A7B0677D9}"
EndProject
Global
	GlobalSection(SolutionConfigurationPlatforms) = preSolution
		Debug|Any CPU = Debug|Any CPU
		Release|Any CPU = Release|Any CPU
	EndGlobalSection
	GlobalSection(ProjectConfigurationPlatforms) = postSolution
		{3B22CE5A-4E14-4BFE-8565-5E6A7B0677D9}.Debug|Any CPU.ActiveCfg = Debug|Any CPU
		{3B22CE5A-4E14-4BFE-8565-5E6A7B0677D9}.Debug|Any CPU.Build.0 = Debug|Any CPU
		{3B22CE5A-4E14-4BFE-8565-5E6A7B0677D9}.Release|Any CPU.ActiveCfg = Release|Any CPU
		{3B22CE5A-4E14-4BFE-8565-5E6A7B0677D9}.Release|Any CPU.Build.0 = Release|Any CPU
	EndGlobalSection
	GlobalSection(SolutionProperties) = preSolution
		HideSolutionNode = FALSE
	EndGlobalSection
	GlobalSection(ExtensibilityGlobals) = postSolution
		SolutionGuid = {FAD674F4-5D61-42D6-9CA0-8D80812FF58A}
	EndGlobalSection
EndGlobal
